
Microsoft Visual Studio Solution File, Format Version 12.00
# Visual Studio Version 17
VisualStudioVersion = 17.6.33815.320
MinimumVisualStudioVersion = 10.0.40219.1
Project("{FAE04EC0-301F-11D3-BF4B-00C04F79EFBC}") = "CreateQueue", "CreateQueue\CreateQueue.csproj", "{3B01B9D1-F042-48A2-BB20-BDD77B17DA51}"
EndProject
Global
	GlobalSection(SolutionConfigurationPlatforms) = preSolution
		Debug|Any CPU = Debug|Any CPU
		Release|Any CPU = Release|Any CPU
	EndGlobalSection
	GlobalSection(ProjectConfigurationPlatforms) = postSolution
		{3B01B9D1-F042-48A2-BB20-BDD77B17DA51}.Debug|Any CPU.ActiveCfg = Debug|Any CPU
		{3B01B9D1-F042-48A2-BB20-BDD77B17DA51}.Debug|Any CPU.Build.0 = Debug|Any CPU
		{3B01B9D1-F042-48A2-BB20-BDD77B17DA51}.Release|Any CPU.ActiveCfg = Release|Any CPU
		{3B01B9D1-F042-48A2-BB20-BDD77B17DA51}.Release|Any CPU.Build.0 = Release|Any CPU
	EndGlobalSection
	GlobalSection(SolutionProperties) = preSolution
		HideSolutionNode = FALSE
	EndGlobalSection
	GlobalSection(ExtensibilityGlobals) = postSolution
		SolutionGuid = {B83CF6F6-91CE-427B-94A3-24B47E547848}
	EndGlobalSection
EndGlobal
